// !$*UTF8*$!
{
	archiveVersion = 1;
	classes = {
	};
	objectVersion = 56;
	objects = {

/* Begin PBXBuildFile section */
		BD563EFE2C594A7700745AF3 /* JeaniusApp.swift in Sources */ = {isa = PBXBuildFile; fileRef = BD563EFD2C594A7700745AF3 /* JeaniusApp.swift */; };
		BD563F002C594A7700745AF3 /* ContentView.swift in Sources */ = {isa = PBXBuildFile; fileRef = BD563EFF2C594A7700745AF3 /* ContentView.swift */; };
		BD563F022C594A7800745AF3 /* Assets.xcassets in Resources */ = {isa = PBXBuildFile; fileRef = BD563F012C594A7800745AF3 /* Assets.xcassets */; };
		BD563F052C594A7800745AF3 /* Preview Assets.xcassets in Resources */ = {isa = PBXBuildFile; fileRef = BD563F042C594A7800745AF3 /* Preview Assets.xcassets */; };
		BD563F0F2C594A7800745AF3 /* JeaniusTests.swift in Sources */ = {isa = PBXBuildFile; fileRef = BD563F0E2C594A7800745AF3 /* JeaniusTests.swift */; };
		BD563F192C594A7800745AF3 /* JeaniusUITests.swift in Sources */ = {isa = PBXBuildFile; fileRef = BD563F182C594A7800745AF3 /* JeaniusUITests.swift */; };
		BD563F1B2C594A7800745AF3 /* JeaniusUITestsLaunchTests.swift in Sources */ = {isa = PBXBuildFile; fileRef = BD563F1A2C594A7800745AF3 /* JeaniusUITestsLaunchTests.swift */; };
/* End PBXBuildFile section */

/* Begin PBXContainerItemProxy section */
		BD563F0B2C594A7800745AF3 /* PBXContainerItemProxy */ = {
			isa = PBXContainerItemProxy;
			containerPortal = BD563EF22C594A7700745AF3 /* Project object */;
			proxyType = 1;
			remoteGlobalIDString = BD563EF92C594A7700745AF3;
			remoteInfo = Jeanius;
		};
		BD563F152C594A7800745AF3 /* PBXContainerItemProxy */ = {
			isa = PBXContainerItemProxy;
			containerPortal = BD563EF22C594A7700745AF3 /* Project object */;
			proxyType = 1;
			remoteGlobalIDString = BD563EF92C594A7700745AF3;
			remoteInfo = Jeanius;
		};
/* End PBXContainerItemProxy section */

/* Begin PBXFileReference section */
		BD563EFA2C594A7700745AF3 /* Jeanius.app */ = {isa = PBXFileReference; explicitFileType = wrapper.application; includeInIndex = 0; path = Jeanius.app; sourceTree = BUILT_PRODUCTS_DIR; };
		BD563EFD2C594A7700745AF3 /* JeaniusApp.swift */ = {isa = PBXFileReference; lastKnownFileType = sourcecode.swift; path = JeaniusApp.swift; sourceTree = "<group>"; };
		BD563EFF2C594A7700745AF3 /* ContentView.swift */ = {isa = PBXFileReference; lastKnownFileType = sourcecode.swift; path = ContentView.swift; sourceTree = "<group>"; };
		BD563F012C594A7800745AF3 /* Assets.xcassets */ = {isa = PBXFileReference; lastKnownFileType = folder.assetcatalog; path = Assets.xcassets; sourceTree = "<group>"; };
		BD563F042C594A7800745AF3 /* Preview Assets.xcassets */ = {isa = PBXFileReference; lastKnownFileType = folder.assetcatalog; path = "Preview Assets.xcassets"; sourceTree = "<group>"; };
		BD563F0A2C594A7800745AF3 /* JeaniusTests.xctest */ = {isa = PBXFileReference; explicitFileType = wrapper.cfbundle; includeInIndex = 0; path = JeaniusTests.xctest; sourceTree = BUILT_PRODUCTS_DIR; };
		BD563F0E2C594A7800745AF3 /* JeaniusTests.swift */ = {isa = PBXFileReference; lastKnownFileType = sourcecode.swift; path = JeaniusTests.swift; sourceTree = "<group>"; };
		BD563F142C594A7800745AF3 /* JeaniusUITests.xctest */ = {isa = PBXFileReference; explicitFileType = wrapper.cfbundle; includeInIndex = 0; path = JeaniusUITests.xctest; sourceTree = BUILT_PRODUCTS_DIR; };
		BD563F182C594A7800745AF3 /* JeaniusUITests.swift */ = {isa = PBXFileReference; lastKnownFileType = sourcecode.swift; path = JeaniusUITests.swift; sourceTree = "<group>"; };
		BD563F1A2C594A7800745AF3 /* JeaniusUITestsLaunchTests.swift */ = {isa = PBXFileReference; lastKnownFileType = sourcecode.swift; path = JeaniusUITestsLaunchTests.swift; sourceTree = "<group>"; };
/* End PBXFileReference section */

/* Begin PBXFrameworksBuildPhase section */
		BD563EF72C594A7700745AF3 /* Frameworks */ = {
			isa = PBXFrameworksBuildPhase;
			buildActionMask = 2147483647;
			files = (
			);
			runOnlyForDeploymentPostprocessing = 0;
		};
		BD563F072C594A7800745AF3 /* Frameworks */ = {
			isa = PBXFrameworksBuildPhase;
			buildActionMask = 2147483647;
			files = (
			);
			runOnlyForDeploymentPostprocessing = 0;
		};
		BD563F112C594A7800745AF3 /* Frameworks */ = {
			isa = PBXFrameworksBuildPhase;
			buildActionMask = 2147483647;
			files = (
			);
			runOnlyForDeploymentPostprocessing = 0;
		};
/* End PBXFrameworksBuildPhase section */

/* Begin PBXGroup section */
		BD563EF12C594A7700745AF3 = {
			isa = PBXGroup;
			children = (
				BD563EFC2C594A7700745AF3 /* Jeanius */,
				BD563F0D2C594A7800745AF3 /* JeaniusTests */,
				BD563F172C594A7800745AF3 /* JeaniusUITests */,
				BD563EFB2C594A7700745AF3 /* Products */,
			);
			sourceTree = "<group>";
		};
		BD563EFB2C594A7700745AF3 /* Products */ = {
			isa = PBXGroup;
			children = (
				BD563EFA2C594A7700745AF3 /* Jeanius.app */,
				BD563F0A2C594A7800745AF3 /* JeaniusTests.xctest */,
				BD563F142C594A7800745AF3 /* JeaniusUITests.xctest */,
			);
			name = Products;
			sourceTree = "<group>";
		};
		BD563EFC2C594A7700745AF3 /* Jeanius */ = {
			isa = PBXGroup;
			children = (
				BD563EFD2C594A7700745AF3 /* JeaniusApp.swift */,
				BD563EFF2C594A7700745AF3 /* ContentView.swift */,
				BD563F012C594A7800745AF3 /* Assets.xcassets */,
				BD563F032C594A7800745AF3 /* Preview Content */,
			);
			path = Jeanius;
			sourceTree = "<group>";
		};
		BD563F032C594A7800745AF3 /* Preview Content */ = {
			isa = PBXGroup;
			children = (
				BD563F042C594A7800745AF3 /* Preview Assets.xcassets */,
			);
			path = "Preview Content";
			sourceTree = "<group>";
		};
		BD563F0D2C594A7800745AF3 /* JeaniusTests */ = {
			isa = PBXGroup;
			children = (
				BD563F0E2C594A7800745AF3 /* JeaniusTests.swift */,
			);
			path = JeaniusTests;
			sourceTree = "<group>";
		};
		BD563F172C594A7800745AF3 /* JeaniusUITests */ = {
			isa = PBXGroup;
			children = (
				BD563F182C594A7800745AF3 /* JeaniusUITests.swift */,
				BD563F1A2C594A7800745AF3 /* JeaniusUITestsLaunchTests.swift */,
			);
			path = JeaniusUITests;
			sourceTree = "<group>";
		};
/* End PBXGroup section */

/* Begin PBXNativeTarget section */
		BD563EF92C594A7700745AF3 /* Jeanius */ = {
			isa = PBXNativeTarget;
			buildConfigurationList = BD563F1E2C594A7800745AF3 /* Build configuration list for PBXNativeTarget "Jeanius" */;
			buildPhases = (
				BD563EF62C594A7700745AF3 /* Sources */,
				BD563EF72C594A7700745AF3 /* Frameworks */,
				BD563EF82C594A7700745AF3 /* Resources */,
			);
			buildRules = (
			);
			dependencies = (
			);
			name = Jeanius;
			productName = Jeanius;
			productReference = BD563EFA2C594A7700745AF3 /* Jeanius.app */;
			productType = "com.apple.product-type.application";
		};
		BD563F092C594A7800745AF3 /* JeaniusTests */ = {
			isa = PBXNativeTarget;
			buildConfigurationList = BD563F212C594A7800745AF3 /* Build configuration list for PBXNativeTarget "JeaniusTests" */;
			buildPhases = (
				BD563F062C594A7800745AF3 /* Sources */,
				BD563F072C594A7800745AF3 /* Frameworks */,
				BD563F082C594A7800745AF3 /* Resources */,
			);
			buildRules = (
			);
			dependencies = (
				BD563F0C2C594A7800745AF3 /* PBXTargetDependency */,
			);
			name = JeaniusTests;
			productName = JeaniusTests;
			productReference = BD563F0A2C594A7800745AF3 /* JeaniusTests.xctest */;
			productType = "com.apple.product-type.bundle.unit-test";
		};
		BD563F132C594A7800745AF3 /* JeaniusUITests */ = {
			isa = PBXNativeTarget;
			buildConfigurationList = BD563F242C594A7800745AF3 /* Build configuration list for PBXNativeTarget "JeaniusUITests" */;
			buildPhases = (
				BD563F102C594A7800745AF3 /* Sources */,
				BD563F112C594A7800745AF3 /* Frameworks */,
				BD563F122C594A7800745AF3 /* Resources */,
			);
			buildRules = (
			);
			dependencies = (
				BD563F162C594A7800745AF3 /* PBXTargetDependency */,
			);
			name = JeaniusUITests;
			productName = JeaniusUITests;
			productReference = BD563F142C594A7800745AF3 /* JeaniusUITests.xctest */;
			productType = "com.apple.product-type.bundle.ui-testing";
		};
/* End PBXNativeTarget section */

/* Begin PBXProject section */
		BD563EF22C594A7700745AF3 /* Project object */ = {
			isa = PBXProject;
			attributes = {
				BuildIndependentTargetsInParallel = 1;
				LastSwiftUpdateCheck = 1540;
				LastUpgradeCheck = 1540;
				TargetAttributes = {
					BD563EF92C594A7700745AF3 = {
						CreatedOnToolsVersion = 15.4;
					};
					BD563F092C594A7800745AF3 = {
						CreatedOnToolsVersion = 15.4;
						TestTargetID = BD563EF92C594A7700745AF3;
					};
					BD563F132C594A7800745AF3 = {
						CreatedOnToolsVersion = 15.4;
						TestTargetID = BD563EF92C594A7700745AF3;
					};
				};
			};
			buildConfigurationList = BD563EF52C594A7700745AF3 /* Build configuration list for PBXProject "Jeanius" */;
			compatibilityVersion = "Xcode 14.0";
			developmentRegion = en;
			hasScannedForEncodings = 0;
			knownRegions = (
				en,
				Base,
			);
			mainGroup = BD563EF12C594A7700745AF3;
			productRefGroup = BD563EFB2C594A7700745AF3 /* Products */;
			projectDirPath = "";
			projectRoot = "";
			targets = (
				BD563EF92C594A7700745AF3 /* Jeanius */,
				BD563F092C594A7800745AF3 /* JeaniusTests */,
				BD563F132C594A7800745AF3 /* JeaniusUITests */,
			);
		};
/* End PBXProject section */

/* Begin PBXResourcesBuildPhase section */
		BD563EF82C594A7700745AF3 /* Resources */ = {
			isa = PBXResourcesBuildPhase;
			buildActionMask = 2147483647;
			files = (
				BD563F052C594A7800745AF3 /* Preview Assets.xcassets in Resources */,
				BD563F022C594A7800745AF3 /* Assets.xcassets in Resources */,
			);
			runOnlyForDeploymentPostprocessing = 0;
		};
		BD563F082C594A7800745AF3 /* Resources */ = {
			isa = PBXResourcesBuildPhase;
			buildActionMask = 2147483647;
			files = (
			);
			runOnlyForDeploymentPostprocessing = 0;
		};
		BD563F122C594A7800745AF3 /* Resources */ = {
			isa = PBXResourcesBuildPhase;
			buildActionMask = 2147483647;
			files = (
			);
			runOnlyForDeploymentPostprocessing = 0;
		};
/* End PBXResourcesBuildPhase section */

/* Begin PBXSourcesBuildPhase section */
		BD563EF62C594A7700745AF3 /* Sources */ = {
			isa = PBXSourcesBuildPhase;
			buildActionMask = 2147483647;
			files = (
				BD563F002C594A7700745AF3 /* ContentView.swift in Sources */,
				BD563EFE2C594A7700745AF3 /* JeaniusApp.swift in Sources */,
			);
			runOnlyForDeploymentPostprocessing = 0;
		};
		BD563F062C594A7800745AF3 /* Sources */ = {
			isa = PBXSourcesBuildPhase;
			buildActionMask = 2147483647;
			files = (
				BD563F0F2C594A7800745AF3 /* JeaniusTests.swift in Sources */,
			);
			runOnlyForDeploymentPostprocessing = 0;
		};
		BD563F102C594A7800745AF3 /* Sources */ = {
			isa = PBXSourcesBuildPhase;
			buildActionMask = 2147483647;
			files = (
				BD563F1B2C594A7800745AF3 /* JeaniusUITestsLaunchTests.swift in Sources */,
				BD563F192C594A7800745AF3 /* JeaniusUITests.swift in Sources */,
			);
			runOnlyForDeploymentPostprocessing = 0;
		};
/* End PBXSourcesBuildPhase section */

/* Begin PBXTargetDependency section */
		BD563F0C2C594A7800745AF3 /* PBXTargetDependency */ = {
			isa = PBXTargetDependency;
			target = BD563EF92C594A7700745AF3 /* Jeanius */;
			targetProxy = BD563F0B2C594A7800745AF3 /* PBXContainerItemProxy */;
		};
		BD563F162C594A7800745AF3 /* PBXTargetDependency */ = {
			isa = PBXTargetDependency;
			target = BD563EF92C594A7700745AF3 /* Jeanius */;
			targetProxy = BD563F152C594A7800745AF3 /* PBXContainerItemProxy */;
		};
/* End PBXTargetDependency section */

/* Begin XCBuildConfiguration section */
		BD563F1C2C594A7800745AF3 /* Debug */ = {
			isa = XCBuildConfiguration;
			buildSettings = {
				ALWAYS_SEARCH_USER_PATHS = NO;
				ASSETCATALOG_COMPILER_GENERATE_SWIFT_ASSET_SYMBOL_EXTENSIONS = YES;
				CLANG_ANALYZER_NONNULL = YES;
				CLANG_ANALYZER_NUMBER_OBJECT_CONVERSION = YES_AGGRESSIVE;
				CLANG_CXX_LANGUAGE_STANDARD = "gnu++20";
				CLANG_ENABLE_MODULES = YES;
				CLANG_ENABLE_OBJC_ARC = YES;
				CLANG_ENABLE_OBJC_WEAK = YES;
				CLANG_WARN_BLOCK_CAPTURE_AUTORELEASING = YES;
				CLANG_WARN_BOOL_CONVERSION = YES;
				CLANG_WARN_COMMA = YES;
				CLANG_WARN_CONSTANT_CONVERSION = YES;
				CLANG_WARN_DEPRECATED_OBJC_IMPLEMENTATIONS = YES;
				CLANG_WARN_DIRECT_OBJC_ISA_USAGE = YES_ERROR;
				CLANG_WARN_DOCUMENTATION_COMMENTS = YES;
				CLANG_WARN_EMPTY_BODY = YES;
				CLANG_WARN_ENUM_CONVERSION = YES;
				CLANG_WARN_INFINITE_RECURSION = YES;
				CLANG_WARN_INT_CONVERSION = YES;
				CLANG_WARN_NON_LITERAL_NULL_CONVERSION = YES;
				CLANG_WARN_OBJC_IMPLICIT_RETAIN_SELF = YES;
				CLANG_WARN_OBJC_LITERAL_CONVERSION = YES;
				CLANG_WARN_OBJC_ROOT_CLASS = YES_ERROR;
				CLANG_WARN_QUOTED_INCLUDE_IN_FRAMEWORK_HEADER = YES;
				CLANG_WARN_RANGE_LOOP_ANALYSIS = YES;
				CLANG_WARN_STRICT_PROTOTYPES = YES;
				CLANG_WARN_SUSPICIOUS_MOVE = YES;
				CLANG_WARN_UNGUARDED_AVAILABILITY = YES_AGGRESSIVE;
				CLANG_WARN_UNREACHABLE_CODE = YES;
				CLANG_WARN__DUPLICATE_METHOD_MATCH = YES;
				COPY_PHASE_STRIP = NO;
				DEBUG_INFORMATION_FORMAT = dwarf;
				ENABLE_STRICT_OBJC_MSGSEND = YES;
				ENABLE_TESTABILITY = YES;
				ENABLE_USER_SCRIPT_SANDBOXING = YES;
				GCC_C_LANGUAGE_STANDARD = gnu17;
				GCC_DYNAMIC_NO_PIC = NO;
				GCC_NO_COMMON_BLOCKS = YES;
				GCC_OPTIMIZATION_LEVEL = 0;
				GCC_PREPROCESSOR_DEFINITIONS = (
					"DEBUG=1",
					"$(inherited)",
				);
				GCC_WARN_64_TO_32_BIT_CONVERSION = YES;
				GCC_WARN_ABOUT_RETURN_TYPE = YES_ERROR;
				GCC_WARN_UNDECLARED_SELECTOR = YES;
				GCC_WARN_UNINITIALIZED_AUTOS = YES_AGGRESSIVE;
				GCC_WARN_UNUSED_FUNCTION = YES;
				GCC_WARN_UNUSED_VARIABLE = YES;
				IPHONEOS_DEPLOYMENT_TARGET = 17.5;
				LOCALIZATION_PREFERS_STRING_CATALOGS = YES;
				MTL_ENABLE_DEBUG_INFO = INCLUDE_SOURCE;
				MTL_FAST_MATH = YES;
				ONLY_ACTIVE_ARCH = YES;
				SDKROOT = iphoneos;
				SWIFT_ACTIVE_COMPILATION_CONDITIONS = "DEBUG $(inherited)";
				SWIFT_OPTIMIZATION_LEVEL = "-Onone";
			};
			name = Debug;
		};
		BD563F1D2C594A7800745AF3 /* Release */ = {
			isa = XCBuildConfiguration;
			buildSettings = {
				ALWAYS_SEARCH_USER_PATHS = NO;
				ASSETCATALOG_COMPILER_GENERATE_SWIFT_ASSET_SYMBOL_EXTENSIONS = YES;
				CLANG_ANALYZER_NONNULL = YES;
				CLANG_ANALYZER_NUMBER_OBJECT_CONVERSION = YES_AGGRESSIVE;
				CLANG_CXX_LANGUAGE_STANDARD = "gnu++20";
				CLANG_ENABLE_MODULES = YES;
				CLANG_ENABLE_OBJC_ARC = YES;
				CLANG_ENABLE_OBJC_WEAK = YES;
				CLANG_WARN_BLOCK_CAPTURE_AUTORELEASING = YES;
				CLANG_WARN_BOOL_CONVERSION = YES;
				CLANG_WARN_COMMA = YES;
				CLANG_WARN_CONSTANT_CONVERSION = YES;
				CLANG_WARN_DEPRECATED_OBJC_IMPLEMENTATIONS = YES;
				CLANG_WARN_DIRECT_OBJC_ISA_USAGE = YES_ERROR;
				CLANG_WARN_DOCUMENTATION_COMMENTS = YES;
				CLANG_WARN_EMPTY_BODY = YES;
				CLANG_WARN_ENUM_CONVERSION = YES;
				CLANG_WARN_INFINITE_RECURSION = YES;
				CLANG_WARN_INT_CONVERSION = YES;
				CLANG_WARN_NON_LITERAL_NULL_CONVERSION = YES;
				CLANG_WARN_OBJC_IMPLICIT_RETAIN_SELF = YES;
				CLANG_WARN_OBJC_LITERAL_CONVERSION = YES;
				CLANG_WARN_OBJC_ROOT_CLASS = YES_ERROR;
				CLANG_WARN_QUOTED_INCLUDE_IN_FRAMEWORK_HEADER = YES;
				CLANG_WARN_RANGE_LOOP_ANALYSIS = YES;
				CLANG_WARN_STRICT_PROTOTYPES = YES;
				CLANG_WARN_SUSPICIOUS_MOVE = YES;
				CLANG_WARN_UNGUARDED_AVAILABILITY = YES_AGGRESSIVE;
				CLANG_WARN_UNREACHABLE_CODE = YES;
				CLANG_WARN__DUPLICATE_METHOD_MATCH = YES;
				COPY_PHASE_STRIP = NO;
				DEBUG_INFORMATION_FORMAT = "dwarf-with-dsym";
				ENABLE_NS_ASSERTIONS = NO;
				ENABLE_STRICT_OBJC_MSGSEND = YES;
				ENABLE_USER_SCRIPT_SANDBOXING = YES;
				GCC_C_LANGUAGE_STANDARD = gnu17;
				GCC_NO_COMMON_BLOCKS = YES;
				GCC_WARN_64_TO_32_BIT_CONVERSION = YES;
				GCC_WARN_ABOUT_RETURN_TYPE = YES_ERROR;
				GCC_WARN_UNDECLARED_SELECTOR = YES;
				GCC_WARN_UNINITIALIZED_AUTOS = YES_AGGRESSIVE;
				GCC_WARN_UNUSED_FUNCTION = YES;
				GCC_WARN_UNUSED_VARIABLE = YES;
				IPHONEOS_DEPLOYMENT_TARGET = 17.5;
				LOCALIZATION_PREFERS_STRING_CATALOGS = YES;
				MTL_ENABLE_DEBUG_INFO = NO;
				MTL_FAST_MATH = YES;
				SDKROOT = iphoneos;
				SWIFT_COMPILATION_MODE = wholemodule;
				VALIDATE_PRODUCT = YES;
			};
			name = Release;
		};
		BD563F1F2C594A7800745AF3 /* Debug */ = {
			isa = XCBuildConfiguration;
			buildSettings = {
				ASSETCATALOG_COMPILER_APPICON_NAME = AppIcon;
				ASSETCATALOG_COMPILER_GLOBAL_ACCENT_COLOR_NAME = AccentColor;
				CODE_SIGN_STYLE = Automatic;
				CURRENT_PROJECT_VERSION = 1;
				DEVELOPMENT_ASSET_PATHS = "\"Jeanius/Preview Content\"";
				DEVELOPMENT_TEAM = CLGXB4786V;
				ENABLE_PREVIEWS = YES;
				GENERATE_INFOPLIST_FILE = YES;
				INFOPLIST_KEY_UIApplicationSceneManifest_Generation = YES;
				INFOPLIST_KEY_UIApplicationSupportsIndirectInputEvents = YES;
				INFOPLIST_KEY_UILaunchScreen_Generation = YES;
				INFOPLIST_KEY_UISupportedInterfaceOrientations_iPad = "UIInterfaceOrientationPortrait UIInterfaceOrientationPortraitUpsideDown UIInterfaceOrientationLandscapeLeft UIInterfaceOrientationLandscapeRight";
				INFOPLIST_KEY_UISupportedInterfaceOrientations_iPhone = "UIInterfaceOrientationPortrait UIInterfaceOrientationLandscapeLeft UIInterfaceOrientationLandscapeRight";
				LD_RUNPATH_SEARCH_PATHS = (
					"$(inherited)",
					"@executable_path/Frameworks",
				);
				MARKETING_VERSION = 1.0;
				PRODUCT_BUNDLE_IDENTIFIER = KWK.Jeanius;
				PRODUCT_NAME = "$(TARGET_NAME)";
				SWIFT_EMIT_LOC_STRINGS = YES;
				SWIFT_VERSION = 5.0;
				TARGETED_DEVICE_FAMILY = "1,2";
			};
			name = Debug;
		};
		BD563F202C594A7800745AF3 /* Release */ = {
			isa = XCBuildConfiguration;
			buildSettings = {
				ASSETCATALOG_COMPILER_APPICON_NAME = AppIcon;
				ASSETCATALOG_COMPILER_GLOBAL_ACCENT_COLOR_NAME = AccentColor;
				CODE_SIGN_STYLE = Automatic;
				CURRENT_PROJECT_VERSION = 1;
				DEVELOPMENT_ASSET_PATHS = "\"Jeanius/Preview Content\"";
				DEVELOPMENT_TEAM = CLGXB4786V;
				ENABLE_PREVIEWS = YES;
				GENERATE_INFOPLIST_FILE = YES;
				INFOPLIST_KEY_UIApplicationSceneManifest_Generation = YES;
				INFOPLIST_KEY_UIApplicationSupportsIndirectInputEvents = YES;
				INFOPLIST_KEY_UILaunchScreen_Generation = YES;
				INFOPLIST_KEY_UISupportedInterfaceOrientations_iPad = "UIInterfaceOrientationPortrait UIInterfaceOrientationPortraitUpsideDown UIInterfaceOrientationLandscapeLeft UIInterfaceOrientationLandscapeRight";
				INFOPLIST_KEY_UISupportedInterfaceOrientations_iPhone = "UIInterfaceOrientationPortrait UIInterfaceOrientationLandscapeLeft UIInterfaceOrientationLandscapeRight";
				LD_RUNPATH_SEARCH_PATHS = (
					"$(inherited)",
					"@executable_path/Frameworks",
				);
				MARKETING_VERSION = 1.0;
				PRODUCT_BUNDLE_IDENTIFIER = KWK.Jeanius;
				PRODUCT_NAME = "$(TARGET_NAME)";
				SWIFT_EMIT_LOC_STRINGS = YES;
				SWIFT_VERSION = 5.0;
				TARGETED_DEVICE_FAMILY = "1,2";
			};
			name = Release;
		};
		BD563F222C594A7800745AF3 /* Debug */ = {
			isa = XCBuildConfiguration;
			buildSettings = {
				ALWAYS_EMBED_SWIFT_STANDARD_LIBRARIES = YES;
				BUNDLE_LOADER = "$(TEST_HOST)";
				CODE_SIGN_STYLE = Automatic;
				CURRENT_PROJECT_VERSION = 1;
				DEVELOPMENT_TEAM = CLGXB4786V;
				GENERATE_INFOPLIST_FILE = YES;
				IPHONEOS_DEPLOYMENT_TARGET = 17.5;
				MARKETING_VERSION = 1.0;
				PRODUCT_BUNDLE_IDENTIFIER = KWK.JeaniusTests;
				PRODUCT_NAME = "$(TARGET_NAME)";
				SWIFT_EMIT_LOC_STRINGS = NO;
				SWIFT_VERSION = 5.0;
				TARGETED_DEVICE_FAMILY = "1,2";
				TEST_HOST = "$(BUILT_PRODUCTS_DIR)/Jeanius.app/$(BUNDLE_EXECUTABLE_FOLDER_PATH)/Jeanius";
			};
			name = Debug;
		};
		BD563F232C594A7800745AF3 /* Release */ = {
			isa = XCBuildConfiguration;
			buildSettings = {
				ALWAYS_EMBED_SWIFT_STANDARD_LIBRARIES = YES;
				BUNDLE_LOADER = "$(TEST_HOST)";
				CODE_SIGN_STYLE = Automatic;
				CURRENT_PROJECT_VERSION = 1;
				DEVELOPMENT_TEAM = CLGXB4786V;
				GENERATE_INFOPLIST_FILE = YES;
				IPHONEOS_DEPLOYMENT_TARGET = 17.5;
				MARKETING_VERSION = 1.0;
				PRODUCT_BUNDLE_IDENTIFIER = KWK.JeaniusTests;
				PRODUCT_NAME = "$(TARGET_NAME)";
				SWIFT_EMIT_LOC_STRINGS = NO;
				SWIFT_VERSION = 5.0;
				TARGETED_DEVICE_FAMILY = "1,2";
				TEST_HOST = "$(BUILT_PRODUCTS_DIR)/Jeanius.app/$(BUNDLE_EXECUTABLE_FOLDER_PATH)/Jeanius";
			};
			name = Release;
		};
		BD563F252C594A7800745AF3 /* Debug */ = {
			isa = XCBuildConfiguration;
			buildSettings = {
				ALWAYS_EMBED_SWIFT_STANDARD_LIBRARIES = YES;
				CODE_SIGN_STYLE = Automatic;
				CURRENT_PROJECT_VERSION = 1;
				DEVELOPMENT_TEAM = CLGXB4786V;
				GENERATE_INFOPLIST_FILE = YES;
				MARKETING_VERSION = 1.0;
				PRODUCT_BUNDLE_IDENTIFIER = KWK.JeaniusUITests;
				PRODUCT_NAME = "$(TARGET_NAME)";
				SWIFT_EMIT_LOC_STRINGS = NO;
				SWIFT_VERSION = 5.0;
				TARGETED_DEVICE_FAMILY = "1,2";
				TEST_TARGET_NAME = Jeanius;
			};
			name = Debug;
		};
		BD563F262C594A7800745AF3 /* Release */ = {
			isa = XCBuildConfiguration;
			buildSettings = {
				ALWAYS_EMBED_SWIFT_STANDARD_LIBRARIES = YES;
				CODE_SIGN_STYLE = Automatic;
				CURRENT_PROJECT_VERSION = 1;
				DEVELOPMENT_TEAM = CLGXB4786V;
				GENERATE_INFOPLIST_FILE = YES;
				MARKETING_VERSION = 1.0;
				PRODUCT_BUNDLE_IDENTIFIER = KWK.JeaniusUITests;
				PRODUCT_NAME = "$(TARGET_NAME)";
				SWIFT_EMIT_LOC_STRINGS = NO;
				SWIFT_VERSION = 5.0;
				TARGETED_DEVICE_FAMILY = "1,2";
				TEST_TARGET_NAME = Jeanius;
			};
			name = Release;
		};
/* End XCBuildConfiguration section */

/* Begin XCConfigurationList section */
		BD563EF52C594A7700745AF3 /* Build configuration list for PBXProject "Jeanius" */ = {
			isa = XCConfigurationList;
			buildConfigurations = (
				BD563F1C2C594A7800745AF3 /* Debug */,
				BD563F1D2C594A7800745AF3 /* Release */,
			);
			defaultConfigurationIsVisible = 0;
			defaultConfigurationName = Release;
		};
		BD563F1E2C594A7800745AF3 /* Build configuration list for PBXNativeTarget "Jeanius" */ = {
			isa = XCConfigurationList;
			buildConfigurations = (
				BD563F1F2C594A7800745AF3 /* Debug */,
				BD563F202C594A7800745AF3 /* Release */,
			);
			defaultConfigurationIsVisible = 0;
			defaultConfigurationName = Release;
		};
		BD563F212C594A7800745AF3 /* Build configuration list for PBXNativeTarget "JeaniusTests" */ = {
			isa = XCConfigurationList;
			buildConfigurations = (
				BD563F222C594A7800745AF3 /* Debug */,
				BD563F232C594A7800745AF3 /* Release */,
			);
			defaultConfigurationIsVisible = 0;
			defaultConfigurationName = Release;
		};
		BD563F242C594A7800745AF3 /* Build configuration list for PBXNativeTarget "JeaniusUITests" */ = {
			isa = XCConfigurationList;
			buildConfigurations = (
				BD563F252C594A7800745AF3 /* Debug */,
				BD563F262C594A7800745AF3 /* Release */,
			);
			defaultConfigurationIsVisible = 0;
			defaultConfigurationName = Release;
		};
/* End XCConfigurationList section */
	};
	rootObject = BD563EF22C594A7700745AF3 /* Project object */;
}
